[[package]]
category = "main"
description = "Backport of the concurrent.futures package from Python 3"
name = "futures"
optional = false
python-versions = ">=2.6, <3"
version = "3.3.0"

[[package]]
category = "main"
description = "NumPy is the fundamental package for array computing with Python."
name = "numpy"
optional = false
python-versions = ">=2.7,!=3.0.*,!=3.1.*,!=3.2.*,!=3.3.*"
version = "1.16.5"

[[package]]
category = "main"
description = "Powerful data structures for data analysis, time series, and statistics"
name = "pandas"
optional = false
python-versions = ">=2.7,!=3.0.*,!=3.1.*,!=3.2.*,!=3.3.*,!=3.4.*"
version = "0.24.0"

[package.dependencies]
numpy = ">=1.12.0"
python-dateutil = ">=2.5.0"
pytz = ">=2011k"

[[package]]
category = "main"
description = "Extensions to the standard Python datetime module"
name = "python-dateutil"
optional = false
python-versions = ">=2.7, !=3.0.*, !=3.1.*, !=3.2.*"
version = "2.8.0"

[package.dependencies]
six = ">=1.5"

[[package]]
category = "main"
description = "World timezone definitions, modern and historical"
name = "pytz"
optional = false
python-versions = "*"
version = "2019.3"

[[package]]
category = "main"
description = "Python 2 and 3 compatibility utilities"
name = "six"
optional = false
python-versions = ">=2.6, !=3.0.*, !=3.1.*"
version = "1.12.0"

[metadata]
content-hash = "fc61998098db86e37a41efa716809c9beb5850d037b7a5b718c2767ea24df0e4"
python-versions = "^2.7"

[metadata.hashes]
futures = ["49b3f5b064b6e3afc3316421a3f25f66c137ae88f068abbf72830170033c5e16", "7e033af76a5e35f58e56da7a91e687706faf4e7bdfb2cbc3f2cca6b9bcda9794"]
numpy = ["00836128feaf9a7c7fedeea05ad593e7965f523d23fe3ffbf20cfffd88e9f2b1", "03b28330253904d410c3c82d66329f29645eb54a7345cb7dd7a1529d61fa603f", "1594aec94e4896e0688f4f405481fda50fb70547000ae71f2e894299a088a661", "27aa457590268cb059c47daa8c55f48c610ce81da8a062ec117f74efa9124ec9", "2c5a556272c67566e8f4607d1c78ad98e954fa6c32802002a4a0b029ad8dd759", "37fdd3bb05caaaacac58015cfa38e38b006ee9cef1eaacdb70bb68c16ac7db1d", "3a96e59f61c7a8f8838d0f4d19daeba551c5f07c5cdd5c81e8e9d4089ade0042", "3d6a354bb1a1ce2cabd47e0bdcf25364322fb55a29efb59f76944d7ee546d8b6", "4208b225ae049641a7a99ab92e84ce9d642ded8250d2b6c9fd61a7fa8c072561", "46469e7fcb689036e72ce61c3d432ed35eb4c71b5119e894845b434b0fae5813", "4d790e2a37aa3350667d8bb8acc919010c7e46234c3d615738564ddc6d22026f", "612297115bade249a118616c065597ff2e5e1f47ed220d7ba71f3e6c6ebcd814", "8bb452d94e964b312205b0de1238dd7209da452343653ab214b5d681780e7a0c", "911d91ffc6688db0454d69318584415f7dfb0fc1b8ac9b549234e39495684230", "9a2b950bca9faca0145491ae9fd214c432f2b1e36783399bc2c3732e7bcc94f4", "ada1a1cd68b9874fa480bd287438f92bd7ce88ca0dd6e8d56c70f2b3dab97314", "ceb353e3ae840ce76256935b18c17236ca808509f231f41d5173d7b2680d5e77", "dbc9e9a6a5e0c4f57498855d4e30ef8b599c0ce13fdf9d64299197508d67d9e8", "e6ce7c0051ed5443f8343da2a14580aa438822ae6526900332c4564f371d2aaf", "f42e21d8db16315bc30b437bff63d6b143befb067b8cd396fa3ef17f1c21e1a0", "f7fb27c0562206787011cf299c03f663c604b58a35a9c2b5218ba6485a17b145", "fada0492dd35412cd96e0578677e9a4bdae8f102ef2b631301fcf19066b57119", "fb207362394567343d84c0462ec3ba203a21c78be9a0fdbb94982e76859ec37e"]
pandas = ["02d34a55e85819a7eab096f391f8dcc237876e8b3cdaf1fba964f5fb59af9acf", "0dbcf78e68f619840184ce661c68c1760de403b0f69d81905d6b9a699d1861d6", "174c3974da26fd778ac8537d74efb17d4cef59e6b3e81e3c59690f39a6f6b73d", "3a8ab5c350131ba273d3f8eb430343304d6c2138a61d34e4a11ebd75f8bf3e7e", "560074ce9ff95409b233c0a8d143a2546a2d71d636d583172252dc0021fdb11b", "5bded8cb431705609dbd9048114f1d6d59bef2f1ca95a8c58bd649442c9dc16c", "8a8748684787792f3a643a7e0530c3024301f3e5799a199a5c2c526c07f712ba", "8c7e43c4b7920fc02ce7743b976aca15bd45293ed298d84793307bc9799df3f6", "9bd9ef3e183b7b1ce90b7ab5e8672907cd73dc36f036fc6714f0e7a5f9852da0", "d3f27e276c8557c15c19c5c9a414e77b893d39fce6e6e40e5c46fcf5eeffe028", "d40b82a4aee4ca968348e41bf6588ed9cadd171c7da8b671ed31d3fd967de703", "d8cf054a099ff694a0e75386471bdde098efe7c350548ec6b899f169bef1a859", "dd9f4843aa59f09698679b64064f11f51d60e45358ab45299de4dcff90524be3", "e6f9f5ad4e73f5eecaa66e9c9d30ff8661c400190a6079ee170e37a466457e31", "e9989e17f203900b2c7add53fa17d6686e66282598359b43fb12260ae8bf7eba", "eadc9d19b25420e1ae77f0a11b779d4e71f47c3aa1953c218e8fe812d1f5341e", "ecb630a99b0ab6c178b5c2988ca8c5b98f6ec2fd9e172c2873a5df44b261310f", "f8eb9308bd64abf71dda77b823913696cd85c4f36c026acee0a64d8834a09b43", "fe71a037ce866d9fb717fd3a792d46c744433179bf3f25da48af8f46cee20c3e", "ff0d83306bfda4639fac2a4f8df2c51eb2bbdda540a74490703e8a6b413a37eb"]
python-dateutil = ["7e6584c74aeed623791615e26efd690f29817a27c73085b78e4bad02493df2fb", "c89805f6f4d64db21ed966fda138f8a5ed7a4fdbc1a8ee329ce1b74e3c74da9e"]
pytz = ["1c557d7d0e871de1f5ccd5833f60fb2550652da6be2693c1e02300743d21500d", "b02c06db6cf09c12dd25137e563b31700d3b80fcc4ad23abb7a315f2789819be"]
six = ["3350809f0555b11f552448330d0b52d5f24c91a322ea4a15ef22629740f3761c", "d16a0141ec1a18405cd4ce8b4613101da75da0e9a7aec5bdd4fa804d0e0eba73"]
